// !$*UTF8*$!
{
	archiveVersion = 1;
	classes = {
	};
	objectVersion = 55;
	objects = {

/* Begin PBXBuildFile section */
		D2C267392761DB85002E00BF /* AppDelegate.swift in Sources */ = {isa = PBXBuildFile; fileRef = D2C267382761DB85002E00BF /* AppDelegate.swift */; };
		D2C2673B2761DB85002E00BF /* SceneDelegate.swift in Sources */ = {isa = PBXBuildFile; fileRef = D2C2673A2761DB85002E00BF /* SceneDelegate.swift */; };
		D2C267402761DB85002E00BF /* Main.storyboard in Resources */ = {isa = PBXBuildFile; fileRef = D2C2673E2761DB85002E00BF /* Main.storyboard */; };
		D2C267422761DB87002E00BF /* Assets.xcassets in Resources */ = {isa = PBXBuildFile; fileRef = D2C267412761DB87002E00BF /* Assets.xcassets */; };
		D2C267452761DB87002E00BF /* LaunchScreen.storyboard in Resources */ = {isa = PBXBuildFile; fileRef = D2C267432761DB87002E00BF /* LaunchScreen.storyboard */; };
		D2E4D7C927633F0400910099 /* MovieVO.swift in Sources */ = {isa = PBXBuildFile; fileRef = D2E4D7C827633F0400910099 /* MovieVO.swift */; };
		D2E4D7CB2763450F00910099 /* MovieCellVC.swift in Sources */ = {isa = PBXBuildFile; fileRef = D2E4D7CA2763450F00910099 /* MovieCellVC.swift */; };
		D2ECD5982763346100AC1D07 /* ListViewVC.swift in Sources */ = {isa = PBXBuildFile; fileRef = D2ECD5972763346100AC1D07 /* ListViewVC.swift */; };
/* End PBXBuildFile section */

/* Begin PBXFileReference section */
		D2C267352761DB85002E00BF /* TableView_Api.app */ = {isa = PBXFileReference; explicitFileType = wrapper.application; includeInIndex = 0; path = TableView_Api.app; sourceTree = BUILT_PRODUCTS_DIR; };
		D2C267382761DB85002E00BF /* AppDelegate.swift */ = {isa = PBXFileReference; lastKnownFileType = sourcecode.swift; path = AppDelegate.swift; sourceTree = "<group>"; };
		D2C2673A2761DB85002E00BF /* SceneDelegate.swift */ = {isa = PBXFileReference; lastKnownFileType = sourcecode.swift; path = SceneDelegate.swift; sourceTree = "<group>"; };
		D2C2673F2761DB85002E00BF /* Base */ = {isa = PBXFileReference; lastKnownFileType = file.storyboard; name = Base; path = Base.lproj/Main.storyboard; sourceTree = "<group>"; };
		D2C267412761DB87002E00BF /* Assets.xcassets */ = {isa = PBXFileReference; lastKnownFileType = folder.assetcatalog; path = Assets.xcassets; sourceTree = "<group>"; };
		D2C267442761DB87002E00BF /* Base */ = {isa = PBXFileReference; lastKnownFileType = file.storyboard; name = Base; path = Base.lproj/LaunchScreen.storyboard; sourceTree = "<group>"; };
		D2C267462761DB87002E00BF /* Info.plist */ = {isa = PBXFileReference; lastKnownFileType = text.plist.xml; path = Info.plist; sourceTree = "<group>"; };
		D2E4D7C827633F0400910099 /* MovieVO.swift */ = {isa = PBXFileReference; lastKnownFileType = sourcecode.swift; path = MovieVO.swift; sourceTree = "<group>"; };
		D2E4D7CA2763450F00910099 /* MovieCellVC.swift */ = {isa = PBXFileReference; lastKnownFileType = sourcecode.swift; path = MovieCellVC.swift; sourceTree = "<group>"; };
		D2ECD5972763346100AC1D07 /* ListViewVC.swift */ = {isa = PBXFileReference; lastKnownFileType = sourcecode.swift; path = ListViewVC.swift; sourceTree = "<group>"; };
/* End PBXFileReference section */

/* Begin PBXFrameworksBuildPhase section */
		D2C267322761DB85002E00BF /* Frameworks */ = {
			isa = PBXFrameworksBuildPhase;
			buildActionMask = 2147483647;
			files = (
			);
			runOnlyForDeploymentPostprocessing = 0;
		};
/* End PBXFrameworksBuildPhase section */

/* Begin PBXGroup section */
		D2C2672C2761DB85002E00BF = {
			isa = PBXGroup;
			children = (
				D2C267372761DB85002E00BF /* TableView_Api */,
				D2C267362761DB85002E00BF /* Products */,
			);
			sourceTree = "<group>";
		};
		D2C267362761DB85002E00BF /* Products */ = {
			isa = PBXGroup;
			children = (
				D2C267352761DB85002E00BF /* TableView_Api.app */,
			);
			name = Products;
			sourceTree = "<group>";
		};
		D2C267372761DB85002E00BF /* TableView_Api */ = {
			isa = PBXGroup;
			children = (
				D2ECD5972763346100AC1D07 /* ListViewVC.swift */,
				D2E4D7CA2763450F00910099 /* MovieCellVC.swift */,
				D2E4D7C827633F0400910099 /* MovieVO.swift */,
				D2C267382761DB85002E00BF /* AppDelegate.swift */,
				D2C2673A2761DB85002E00BF /* SceneDelegate.swift */,
				D2C2673E2761DB85002E00BF /* Main.storyboard */,
				D2C267412761DB87002E00BF /* Assets.xcassets */,
				D2C267432761DB87002E00BF /* LaunchScreen.storyboard */,
				D2C267462761DB87002E00BF /* Info.plist */,
			);
			path = TableView_Api;
			sourceTree = "<group>";
		};
/* End PBXGroup section */

/* Begin PBXNativeTarget section */
		D2C267342761DB85002E00BF /* TableView_Api */ = {
			isa = PBXNativeTarget;
			buildConfigurationList = D2C267492761DB87002E00BF /* Build configuration list for PBXNativeTarget "TableView_Api" */;
			buildPhases = (
				D2C267312761DB85002E00BF /* Sources */,
				D2C267322761DB85002E00BF /* Frameworks */,
				D2C267332761DB85002E00BF /* Resources */,
			);
			buildRules = (
			);
			dependencies = (
			);
			name = TableView_Api;
			productName = TableView_Api;
			productReference = D2C267352761DB85002E00BF /* TableView_Api.app */;
			productType = "com.apple.product-type.application";
		};
/* End PBXNativeTarget section */

/* Begin PBXProject section */
		D2C2672D2761DB85002E00BF /* Project object */ = {
			isa = PBXProject;
			attributes = {
				BuildIndependentTargetsInParallel = 1;
				LastSwiftUpdateCheck = 1300;
				LastUpgradeCheck = 1300;
				TargetAttributes = {
					D2C267342761DB85002E00BF = {
						CreatedOnToolsVersion = 13.0;
					};
				};
			};
			buildConfigurationList = D2C267302761DB85002E00BF /* Build configuration list for PBXProject "TableView_Api" */;
			compatibilityVersion = "Xcode 13.0";
			developmentRegion = en;
			hasScannedForEncodings = 0;
			knownRegions = (
				en,
				Base,
			);
			mainGroup = D2C2672C2761DB85002E00BF;
			productRefGroup = D2C267362761DB85002E00BF /* Products */;
			projectDirPath = "";
			projectRoot = "";
			targets = (
				D2C267342761DB85002E00BF /* TableView_Api */,
			);
		};
/* End PBXProject section */

/* Begin PBXResourcesBuildPhase section */
		D2C267332761DB85002E00BF /* Resources */ = {
			isa = PBXResourcesBuildPhase;
			buildActionMask = 2147483647;
			files = (
				D2C267452761DB87002E00BF /* LaunchScreen.storyboard in Resources */,
				D2C267422761DB87002E00BF /* Assets.xcassets in Resources */,
				D2C267402761DB85002E00BF /* Main.storyboard in Resources */,
			);
			runOnlyForDeploymentPostprocessing = 0;
		};
/* End PBXResourcesBuildPhase section */

/* Begin PBXSourcesBuildPhase section */
		D2C267312761DB85002E00BF /* Sources */ = {
			isa = PBXSourcesBuildPhase;
			buildActionMask = 2147483647;
			files = (
				D2E4D7CB2763450F00910099 /* MovieCellVC.swift in Sources */,
				D2C267392761DB85002E00BF /* AppDelegate.swift in Sources */,
				D2E4D7C927633F0400910099 /* MovieVO.swift in Sources */,
				D2ECD5982763346100AC1D07 /* ListViewVC.swift in Sources */,
				D2C2673B2761DB85002E00BF /* SceneDelegate.swift in Sources */,
			);
			runOnlyForDeploymentPostprocessing = 0;
		};
/* End PBXSourcesBuildPhase section */

/* Begin PBXVariantGroup section */
		D2C2673E2761DB85002E00BF /* Main.storyboard */ = {
			isa = PBXVariantGroup;
			children = (
				D2C2673F2761DB85002E00BF /* Base */,
			);
			name = Main.storyboard;
			sourceTree = "<group>";
		};
		D2C267432761DB87002E00BF /* LaunchScreen.storyboard */ = {
			isa = PBXVariantGroup;
			children = (
				D2C267442761DB87002E00BF /* Base */,
			);
			name = LaunchScreen.storyboard;
			sourceTree = "<group>";
		};
/* End PBXVariantGroup section */

/* Begin XCBuildConfiguration section */
		D2C267472761DB87002E00BF /* Debug */ = {
			isa = XCBuildConfiguration;
			buildSettings = {
				ALWAYS_SEARCH_USER_PATHS = NO;
				CLANG_ANALYZER_NONNULL = YES;
				CLANG_ANALYZER_NUMBER_OBJECT_CONVERSION = YES_AGGRESSIVE;
				CLANG_CXX_LANGUAGE_STANDARD = "gnu++17";
				CLANG_CXX_LIBRARY = "libc++";
				CLANG_ENABLE_MODULES = YES;
				CLANG_ENABLE_OBJC_ARC = YES;
				CLANG_ENABLE_OBJC_WEAK = YES;
				CLANG_WARN_BLOCK_CAPTURE_AUTORELEASING = YES;
				CLANG_WARN_BOOL_CONVERSION = YES;
				CLANG_WARN_COMMA = YES;
				CLANG_WARN_CONSTANT_CONVERSION = YES;
				CLANG_WARN_DEPRECATED_OBJC_IMPLEMENTATIONS = YES;
				CLANG_WARN_DIRECT_OBJC_ISA_USAGE = YES_ERROR;
				CLANG_WARN_DOCUMENTATION_COMMENTS = YES;
				CLANG_WARN_EMPTY_BODY = YES;
				CLANG_WARN_ENUM_CONVERSION = YES;
				CLANG_WARN_INFINITE_RECURSION = YES;
				CLANG_WARN_INT_CONVERSION = YES;
				CLANG_WARN_NON_LITERAL_NULL_CONVERSION = YES;
				CLANG_WARN_OBJC_IMPLICIT_RETAIN_SELF = YES;
				CLANG_WARN_OBJC_LITERAL_CONVERSION = YES;
				CLANG_WARN_OBJC_ROOT_CLASS = YES_ERROR;
				CLANG_WARN_QUOTED_INCLUDE_IN_FRAMEWORK_HEADER = YES;
				CLANG_WARN_RANGE_LOOP_ANALYSIS = YES;
				CLANG_WARN_STRICT_PROTOTYPES = YES;
				CLANG_WARN_SUSPICIOUS_MOVE = YES;
				CLANG_WARN_UNGUARDED_AVAILABILITY = YES_AGGRESSIVE;
				CLANG_WARN_UNREACHABLE_CODE = YES;
				CLANG_WARN__DUPLICATE_METHOD_MATCH = YES;
				COPY_PHASE_STRIP = NO;
				DEBUG_INFORMATION_FORMAT = dwarf;
				ENABLE_STRICT_OBJC_MSGSEND = YES;
				ENABLE_TESTABILITY = YES;
				GCC_C_LANGUAGE_STANDARD = gnu11;
				GCC_DYNAMIC_NO_PIC = NO;
				GCC_NO_COMMON_BLOCKS = YES;
				GCC_OPTIMIZATION_LEVEL = 0;
				GCC_PREPROCESSOR_DEFINITIONS = (
					"DEBUG=1",
					"$(inherited)",
				);
				GCC_WARN_64_TO_32_BIT_CONVERSION = YES;
				GCC_WARN_ABOUT_RETURN_TYPE = YES_ERROR;
				GCC_WARN_UNDECLARED_SELECTOR = YES;
				GCC_WARN_UNINITIALIZED_AUTOS = YES_AGGRESSIVE;
				GCC_WARN_UNUSED_FUNCTION = YES;
				GCC_WARN_UNUSED_VARIABLE = YES;
				IPHONEOS_DEPLOYMENT_TARGET = 15.0;
				MTL_ENABLE_DEBUG_INFO = INCLUDE_SOURCE;
				MTL_FAST_MATH = YES;
				ONLY_ACTIVE_ARCH = YES;
				SDKROOT = iphoneos;
				SWIFT_ACTIVE_COMPILATION_CONDITIONS = DEBUG;
				SWIFT_OPTIMIZATION_LEVEL = "-Onone";
			};
			name = Debug;
		};
		D2C267482761DB87002E00BF /* Release */ = {
			isa = XCBuildConfiguration;
			buildSettings = {
				ALWAYS_SEARCH_USER_PATHS = NO;
				CLANG_ANALYZER_NONNULL = YES;
				CLANG_ANALYZER_NUMBER_OBJECT_CONVERSION = YES_AGGRESSIVE;
				CLANG_CXX_LANGUAGE_STANDARD = "gnu++17";
				CLANG_CXX_LIBRARY = "libc++";
				CLANG_ENABLE_MODULES = YES;
				CLANG_ENABLE_OBJC_ARC = YES;
				CLANG_ENABLE_OBJC_WEAK = YES;
				CLANG_WARN_BLOCK_CAPTURE_AUTORELEASING = YES;
				CLANG_WARN_BOOL_CONVERSION = YES;
				CLANG_WARN_COMMA = YES;
				CLANG_WARN_CONSTANT_CONVERSION = YES;
				CLANG_WARN_DEPRECATED_OBJC_IMPLEMENTATIONS = YES;
				CLANG_WARN_DIRECT_OBJC_ISA_USAGE = YES_ERROR;
				CLANG_WARN_DOCUMENTATION_COMMENTS = YES;
				CLANG_WARN_EMPTY_BODY = YES;
				CLANG_WARN_ENUM_CONVERSION = YES;
				CLANG_WARN_INFINITE_RECURSION = YES;
				CLANG_WARN_INT_CONVERSION = YES;
				CLANG_WARN_NON_LITERAL_NULL_CONVERSION = YES;
				CLANG_WARN_OBJC_IMPLICIT_RETAIN_SELF = YES;
				CLANG_WARN_OBJC_LITERAL_CONVERSION = YES;
				CLANG_WARN_OBJC_ROOT_CLASS = YES_ERROR;
				CLANG_WARN_QUOTED_INCLUDE_IN_FRAMEWORK_HEADER = YES;
				CLANG_WARN_RANGE_LOOP_ANALYSIS = YES;
				CLANG_WARN_STRICT_PROTOTYPES = YES;
				CLANG_WARN_SUSPICIOUS_MOVE = YES;
				CLANG_WARN_UNGUARDED_AVAILABILITY = YES_AGGRESSIVE;
				CLANG_WARN_UNREACHABLE_CODE = YES;
				CLANG_WARN__DUPLICATE_METHOD_MATCH = YES;
				COPY_PHASE_STRIP = NO;
				DEBUG_INFORMATION_FORMAT = "dwarf-with-dsym";
				ENABLE_NS_ASSERTIONS = NO;
				ENABLE_STRICT_OBJC_MSGSEND = YES;
				GCC_C_LANGUAGE_STANDARD = gnu11;
				GCC_NO_COMMON_BLOCKS = YES;
				GCC_WARN_64_TO_32_BIT_CONVERSION = YES;
				GCC_WARN_ABOUT_RETURN_TYPE = YES_ERROR;
				GCC_WARN_UNDECLARED_SELECTOR = YES;
				GCC_WARN_UNINITIALIZED_AUTOS = YES_AGGRESSIVE;
				GCC_WARN_UNUSED_FUNCTION = YES;
				GCC_WARN_UNUSED_VARIABLE = YES;
				IPHONEOS_DEPLOYMENT_TARGET = 15.0;
				MTL_ENABLE_DEBUG_INFO = NO;
				MTL_FAST_MATH = YES;
				SDKROOT = iphoneos;
				SWIFT_COMPILATION_MODE = wholemodule;
				SWIFT_OPTIMIZATION_LEVEL = "-O";
				VALIDATE_PRODUCT = YES;
			};
			name = Release;
		};
		D2C2674A2761DB87002E00BF /* Debug */ = {
			isa = XCBuildConfiguration;
			buildSettings = {
				ASSETCATALOG_COMPILER_APPICON_NAME = AppIcon;
				ASSETCATALOG_COMPILER_GLOBAL_ACCENT_COLOR_NAME = AccentColor;
				CODE_SIGN_STYLE = Automatic;
				CURRENT_PROJECT_VERSION = 1;
				DEVELOPMENT_TEAM = KLKPT7BZGN;
				GENERATE_INFOPLIST_FILE = YES;
				INFOPLIST_FILE = TableView_Api/Info.plist;
				INFOPLIST_KEY_UIApplicationSupportsIndirectInputEvents = YES;
				INFOPLIST_KEY_UILaunchStoryboardName = LaunchScreen;
				INFOPLIST_KEY_UIMainStoryboardFile = Main;
				INFOPLIST_KEY_UISupportedInterfaceOrientations_iPad = "UIInterfaceOrientationPortrait UIInterfaceOrientationPortraitUpsideDown UIInterfaceOrientationLandscapeLeft UIInterfaceOrientationLandscapeRight";
				INFOPLIST_KEY_UISupportedInterfaceOrientations_iPhone = "UIInterfaceOrientationPortrait UIInterfaceOrientationLandscapeLeft UIInterfaceOrientationLandscapeRight";
				LD_RUNPATH_SEARCH_PATHS = (
					"$(inherited)",
					"@executable_path/Frameworks",
				);
				MARKETING_VERSION = 1.0;
				PRODUCT_BUNDLE_IDENTIFIER = "Hyun.TableView-Api";
				PRODUCT_NAME = "$(TARGET_NAME)";
				SWIFT_EMIT_LOC_STRINGS = YES;
				SWIFT_VERSION = 5.0;
				TARGETED_DEVICE_FAMILY = "1,2";
			};
			name = Debug;
		};
		D2C2674B2761DB87002E00BF /* Release */ = {
			isa = XCBuildConfiguration;
			buildSettings = {
				ASSETCATALOG_COMPILER_APPICON_NAME = AppIcon;
				ASSETCATALOG_COMPILER_GLOBAL_ACCENT_COLOR_NAME = AccentColor;
				CODE_SIGN_STYLE = Automatic;
				CURRENT_PROJECT_VERSION = 1;
				DEVELOPMENT_TEAM = KLKPT7BZGN;
				GENERATE_INFOPLIST_FILE = YES;
				INFOPLIST_FILE = TableView_Api/Info.plist;
				INFOPLIST_KEY_UIApplicationSupportsIndirectInputEvents = YES;
				INFOPLIST_KEY_UILaunchStoryboardName = LaunchScreen;
				INFOPLIST_KEY_UIMainStoryboardFile = Main;
				INFOPLIST_KEY_UISupportedInterfaceOrientations_iPad = "UIInterfaceOrientationPortrait UIInterfaceOrientationPortraitUpsideDown UIInterfaceOrientationLandscapeLeft UIInterfaceOrientationLandscapeRight";
				INFOPLIST_KEY_UISupportedInterfaceOrientations_iPhone = "UIInterfaceOrientationPortrait UIInterfaceOrientationLandscapeLeft UIInterfaceOrientationLandscapeRight";
				LD_RUNPATH_SEARCH_PATHS = (
					"$(inherited)",
					"@executable_path/Frameworks",
				);
				MARKETING_VERSION = 1.0;
				PRODUCT_BUNDLE_IDENTIFIER = "Hyun.TableView-Api";
				PRODUCT_NAME = "$(TARGET_NAME)";
				SWIFT_EMIT_LOC_STRINGS = YES;
				SWIFT_VERSION = 5.0;
				TARGETED_DEVICE_FAMILY = "1,2";
			};
			name = Release;
		};
/* End XCBuildConfiguration section */

/* Begin XCConfigurationList section */
		D2C267302761DB85002E00BF /* Build configuration list for PBXProject "TableView_Api" */ = {
			isa = XCConfigurationList;
			buildConfigurations = (
				D2C267472761DB87002E00BF /* Debug */,
				D2C267482761DB87002E00BF /* Release */,
			);
			defaultConfigurationIsVisible = 0;
			defaultConfigurationName = Release;
		};
		D2C267492761DB87002E00BF /* Build configuration list for PBXNativeTarget "TableView_Api" */ = {
			isa = XCConfigurationList;
			buildConfigurations = (
				D2C2674A2761DB87002E00BF /* Debug */,
				D2C2674B2761DB87002E00BF /* Release */,
			);
			defaultConfigurationIsVisible = 0;
			defaultConfigurationName = Release;
		};
/* End XCConfigurationList section */
	};
	rootObject = D2C2672D2761DB85002E00BF /* Project object */;
}
